// !$*UTF8*$!
{
	archiveVersion = 1;
	classes = {
	};
	objectVersion = 55;
	objects = {

/* Begin PBXBuildFile section */
		01A3B2E32800418600610D77 /* AppDelegate.m in Sources */ = {isa = PBXBuildFile; fileRef = 01A3B2E22800418600610D77 /* AppDelegate.m */; };
		01A3B2E62800418600610D77 /* SceneDelegate.m in Sources */ = {isa = PBXBuildFile; fileRef = 01A3B2E52800418600610D77 /* SceneDelegate.m */; };
		01A3B2E92800418600610D77 /* ViewController.m in Sources */ = {isa = PBXBuildFile; fileRef = 01A3B2E82800418600610D77 /* ViewController.m */; };
		01A3B2EC2800418600610D77 /* Main.storyboard in Resources */ = {isa = PBXBuildFile; fileRef = 01A3B2EA2800418600610D77 /* Main.storyboard */; };
		01A3B2EE2800418700610D77 /* Assets.xcassets in Resources */ = {isa = PBXBuildFile; fileRef = 01A3B2ED2800418700610D77 /* Assets.xcassets */; };
		01A3B2F12800418700610D77 /* LaunchScreen.storyboard in Resources */ = {isa = PBXBuildFile; fileRef = 01A3B2EF2800418700610D77 /* LaunchScreen.storyboard */; };
		01A3B2F42800418700610D77 /* main.m in Sources */ = {isa = PBXBuildFile; fileRef = 01A3B2F32800418700610D77 /* main.m */; };
		01A3B2FE2800418800610D77 /* ATests.m in Sources */ = {isa = PBXBuildFile; fileRef = 01A3B2FD2800418800610D77 /* ATests.m */; };
		01A3B3082800418800610D77 /* AUITests.m in Sources */ = {isa = PBXBuildFile; fileRef = 01A3B3072800418800610D77 /* AUITests.m */; };
		01A3B30A2800418800610D77 /* AUITestsLaunchTests.m in Sources */ = {isa = PBXBuildFile; fileRef = 01A3B3092800418800610D77 /* AUITestsLaunchTests.m */; };
/* End PBXBuildFile section */

/* Begin PBXContainerItemProxy section */
		01A3B2FA2800418800610D77 /* PBXContainerItemProxy */ = {
			isa = PBXContainerItemProxy;
			containerPortal = 01A3B2D62800418600610D77 /* Project object */;
			proxyType = 1;
			remoteGlobalIDString = 01A3B2DD2800418600610D77;
			remoteInfo = A;
		};
		01A3B3042800418800610D77 /* PBXContainerItemProxy */ = {
			isa = PBXContainerItemProxy;
			containerPortal = 01A3B2D62800418600610D77 /* Project object */;
			proxyType = 1;
			remoteGlobalIDString = 01A3B2DD2800418600610D77;
			remoteInfo = A;
		};
/* End PBXContainerItemProxy section */

/* Begin PBXFileReference section */
		01A3B2DE2800418600610D77 /* A.app */ = {isa = PBXFileReference; explicitFileType = wrapper.application; includeInIndex = 0; path = A.app; sourceTree = BUILT_PRODUCTS_DIR; };
		01A3B2E12800418600610D77 /* AppDelegate.h */ = {isa = PBXFileReference; lastKnownFileType = sourcecode.c.h; path = AppDelegate.h; sourceTree = "<group>"; };
		01A3B2E22800418600610D77 /* AppDelegate.m */ = {isa = PBXFileReference; lastKnownFileType = sourcecode.c.objc; path = AppDelegate.m; sourceTree = "<group>"; };
		01A3B2E42800418600610D77 /* SceneDelegate.h */ = {isa = PBXFileReference; lastKnownFileType = sourcecode.c.h; path = SceneDelegate.h; sourceTree = "<group>"; };
		01A3B2E52800418600610D77 /* SceneDelegate.m */ = {isa = PBXFileReference; lastKnownFileType = sourcecode.c.objc; path = SceneDelegate.m; sourceTree = "<group>"; };
		01A3B2E72800418600610D77 /* ViewController.h */ = {isa = PBXFileReference; lastKnownFileType = sourcecode.c.h; path = ViewController.h; sourceTree = "<group>"; };
		01A3B2E82800418600610D77 /* ViewController.m */ = {isa = PBXFileReference; lastKnownFileType = sourcecode.c.objc; path = ViewController.m; sourceTree = "<group>"; };
		01A3B2EB2800418600610D77 /* Base */ = {isa = PBXFileReference; lastKnownFileType = file.storyboard; name = Base; path = Base.lproj/Main.storyboard; sourceTree = "<group>"; };
		01A3B2ED2800418700610D77 /* Assets.xcassets */ = {isa = PBXFileReference; lastKnownFileType = folder.assetcatalog; path = Assets.xcassets; sourceTree = "<group>"; };
		01A3B2F02800418700610D77 /* Base */ = {isa = PBXFileReference; lastKnownFileType = file.storyboard; name = Base; path = Base.lproj/LaunchScreen.storyboard; sourceTree = "<group>"; };
		01A3B2F22800418700610D77 /* Info.plist */ = {isa = PBXFileReference; lastKnownFileType = text.plist.xml; path = Info.plist; sourceTree = "<group>"; };
		01A3B2F32800418700610D77 /* main.m */ = {isa = PBXFileReference; lastKnownFileType = sourcecode.c.objc; path = main.m; sourceTree = "<group>"; };
		01A3B2F92800418800610D77 /* ATests.xctest */ = {isa = PBXFileReference; explicitFileType = wrapper.cfbundle; includeInIndex = 0; path = ATests.xctest; sourceTree = BUILT_PRODUCTS_DIR; };
		01A3B2FD2800418800610D77 /* ATests.m */ = {isa = PBXFileReference; lastKnownFileType = sourcecode.c.objc; path = ATests.m; sourceTree = "<group>"; };
		01A3B3032800418800610D77 /* AUITests.xctest */ = {isa = PBXFileReference; explicitFileType = wrapper.cfbundle; includeInIndex = 0; path = AUITests.xctest; sourceTree = BUILT_PRODUCTS_DIR; };
		01A3B3072800418800610D77 /* AUITests.m */ = {isa = PBXFileReference; lastKnownFileType = sourcecode.c.objc; path = AUITests.m; sourceTree = "<group>"; };
		01A3B3092800418800610D77 /* AUITestsLaunchTests.m */ = {isa = PBXFileReference; lastKnownFileType = sourcecode.c.objc; path = AUITestsLaunchTests.m; sourceTree = "<group>"; };
/* End PBXFileReference section */

/* Begin PBXFrameworksBuildPhase section */
		01A3B2DB2800418600610D77 /* Frameworks */ = {
			isa = PBXFrameworksBuildPhase;
			buildActionMask = 2147483647;
			files = (
			);
			runOnlyForDeploymentPostprocessing = 0;
		};
		01A3B2F62800418800610D77 /* Frameworks */ = {
			isa = PBXFrameworksBuildPhase;
			buildActionMask = 2147483647;
			files = (
			);
			runOnlyForDeploymentPostprocessing = 0;
		};
		01A3B3002800418800610D77 /* Frameworks */ = {
			isa = PBXFrameworksBuildPhase;
			buildActionMask = 2147483647;
			files = (
			);
			runOnlyForDeploymentPostprocessing = 0;
		};
/* End PBXFrameworksBuildPhase section */

/* Begin PBXGroup section */
		01A3B2D52800418600610D77 = {
			isa = PBXGroup;
			children = (
				01A3B2E02800418600610D77 /* A */,
				01A3B2FC2800418800610D77 /* ATests */,
				01A3B3062800418800610D77 /* AUITests */,
				01A3B2DF2800418600610D77 /* Products */,
			);
			sourceTree = "<group>";
		};
		01A3B2DF2800418600610D77 /* Products */ = {
			isa = PBXGroup;
			children = (
				01A3B2DE2800418600610D77 /* A.app */,
				01A3B2F92800418800610D77 /* ATests.xctest */,
				01A3B3032800418800610D77 /* AUITests.xctest */,
			);
			name = Products;
			sourceTree = "<group>";
		};
		01A3B2E02800418600610D77 /* A */ = {
			isa = PBXGroup;
			children = (
				01A3B2E12800418600610D77 /* AppDelegate.h */,
				01A3B2E22800418600610D77 /* AppDelegate.m */,
				01A3B2E42800418600610D77 /* SceneDelegate.h */,
				01A3B2E52800418600610D77 /* SceneDelegate.m */,
				01A3B2E72800418600610D77 /* ViewController.h */,
				01A3B2E82800418600610D77 /* ViewController.m */,
				01A3B2EA2800418600610D77 /* Main.storyboard */,
				01A3B2ED2800418700610D77 /* Assets.xcassets */,
				01A3B2EF2800418700610D77 /* LaunchScreen.storyboard */,
				01A3B2F22800418700610D77 /* Info.plist */,
				01A3B2F32800418700610D77 /* main.m */,
			);
			path = A;
			sourceTree = "<group>";
		};
		01A3B2FC2800418800610D77 /* ATests */ = {
			isa = PBXGroup;
			children = (
				01A3B2FD2800418800610D77 /* ATests.m */,
			);
			path = ATests;
			sourceTree = "<group>";
		};
		01A3B3062800418800610D77 /* AUITests */ = {
			isa = PBXGroup;
			children = (
				01A3B3072800418800610D77 /* AUITests.m */,
				01A3B3092800418800610D77 /* AUITestsLaunchTests.m */,
			);
			path = AUITests;
			sourceTree = "<group>";
		};
/* End PBXGroup section */

/* Begin PBXNativeTarget section */
		01A3B2DD2800418600610D77 /* A */ = {
			isa = PBXNativeTarget;
			buildConfigurationList = 01A3B30D2800418800610D77 /* Build configuration list for PBXNativeTarget "A" */;
			buildPhases = (
				01A3B2DA2800418600610D77 /* Sources */,
				01A3B2DB2800418600610D77 /* Frameworks */,
				01A3B2DC2800418600610D77 /* Resources */,
			);
			buildRules = (
			);
			dependencies = (
			);
			name = A;
			productName = A;
			productReference = 01A3B2DE2800418600610D77 /* A.app */;
			productType = "com.apple.product-type.application";
		};
		01A3B2F82800418800610D77 /* ATests */ = {
			isa = PBXNativeTarget;
			buildConfigurationList = 01A3B3102800418800610D77 /* Build configuration list for PBXNativeTarget "ATests" */;
			buildPhases = (
				01A3B2F52800418800610D77 /* Sources */,
				01A3B2F62800418800610D77 /* Frameworks */,
				01A3B2F72800418800610D77 /* Resources */,
			);
			buildRules = (
			);
			dependencies = (
				01A3B2FB2800418800610D77 /* PBXTargetDependency */,
			);
			name = ATests;
			productName = ATests;
			productReference = 01A3B2F92800418800610D77 /* ATests.xctest */;
			productType = "com.apple.product-type.bundle.unit-test";
		};
		01A3B3022800418800610D77 /* AUITests */ = {
			isa = PBXNativeTarget;
			buildConfigurationList = 01A3B3132800418800610D77 /* Build configuration list for PBXNativeTarget "AUITests" */;
			buildPhases = (
				01A3B2FF2800418800610D77 /* Sources */,
				01A3B3002800418800610D77 /* Frameworks */,
				01A3B3012800418800610D77 /* Resources */,
			);
			buildRules = (
			);
			dependencies = (
				01A3B3052800418800610D77 /* PBXTargetDependency */,
			);
			name = AUITests;
			productName = AUITests;
			productReference = 01A3B3032800418800610D77 /* AUITests.xctest */;
			productType = "com.apple.product-type.bundle.ui-testing";
		};
/* End PBXNativeTarget section */

/* Begin PBXProject section */
		01A3B2D62800418600610D77 /* Project object */ = {
			isa = PBXProject;
			attributes = {
				BuildIndependentTargetsInParallel = 1;
				LastUpgradeCheck = 1330;
				TargetAttributes = {
					01A3B2DD2800418600610D77 = {
						CreatedOnToolsVersion = 13.3;
					};
					01A3B2F82800418800610D77 = {
						CreatedOnToolsVersion = 13.3;
						TestTargetID = 01A3B2DD2800418600610D77;
					};
					01A3B3022800418800610D77 = {
						CreatedOnToolsVersion = 13.3;
						TestTargetID = 01A3B2DD2800418600610D77;
					};
				};
			};
			buildConfigurationList = 01A3B2D92800418600610D77 /* Build configuration list for PBXProject "A" */;
			compatibilityVersion = "Xcode 13.0";
			developmentRegion = en;
			hasScannedForEncodings = 0;
			knownRegions = (
				en,
				Base,
			);
			mainGroup = 01A3B2D52800418600610D77;
			productRefGroup = 01A3B2DF2800418600610D77 /* Products */;
			projectDirPath = "";
			projectRoot = "";
			targets = (
				01A3B2DD2800418600610D77 /* A */,
				01A3B2F82800418800610D77 /* ATests */,
				01A3B3022800418800610D77 /* AUITests */,
			);
		};
/* End PBXProject section */

/* Begin PBXResourcesBuildPhase section */
		01A3B2DC2800418600610D77 /* Resources */ = {
			isa = PBXResourcesBuildPhase;
			buildActionMask = 2147483647;
			files = (
				01A3B2F12800418700610D77 /* LaunchScreen.storyboard in Resources */,
				01A3B2EE2800418700610D77 /* Assets.xcassets in Resources */,
				01A3B2EC2800418600610D77 /* Main.storyboard in Resources */,
			);
			runOnlyForDeploymentPostprocessing = 0;
		};
		01A3B2F72800418800610D77 /* Resources */ = {
			isa = PBXResourcesBuildPhase;
			buildActionMask = 2147483647;
			files = (
			);
			runOnlyForDeploymentPostprocessing = 0;
		};
		01A3B3012800418800610D77 /* Resources */ = {
			isa = PBXResourcesBuildPhase;
			buildActionMask = 2147483647;
			files = (
			);
			runOnlyForDeploymentPostprocessing = 0;
		};
/* End PBXResourcesBuildPhase section */

/* Begin PBXSourcesBuildPhase section */
		01A3B2DA2800418600610D77 /* Sources */ = {
			isa = PBXSourcesBuildPhase;
			buildActionMask = 2147483647;
			files = (
				01A3B2E92800418600610D77 /* ViewController.m in Sources */,
				01A3B2E32800418600610D77 /* AppDelegate.m in Sources */,
				01A3B2F42800418700610D77 /* main.m in Sources */,
				01A3B2E62800418600610D77 /* SceneDelegate.m in Sources */,
			);
			runOnlyForDeploymentPostprocessing = 0;
		};
		01A3B2F52800418800610D77 /* Sources */ = {
			isa = PBXSourcesBuildPhase;
			buildActionMask = 2147483647;
			files = (
				01A3B2FE2800418800610D77 /* ATests.m in Sources */,
			);
			runOnlyForDeploymentPostprocessing = 0;
		};
		01A3B2FF2800418800610D77 /* Sources */ = {
			isa = PBXSourcesBuildPhase;
			buildActionMask = 2147483647;
			files = (
				01A3B30A2800418800610D77 /* AUITestsLaunchTests.m in Sources */,
				01A3B3082800418800610D77 /* AUITests.m in Sources */,
			);
			runOnlyForDeploymentPostprocessing = 0;
		};
/* End PBXSourcesBuildPhase section */

/* Begin PBXTargetDependency section */
		01A3B2FB2800418800610D77 /* PBXTargetDependency */ = {
			isa = PBXTargetDependency;
			target = 01A3B2DD2800418600610D77 /* A */;
			targetProxy = 01A3B2FA2800418800610D77 /* PBXContainerItemProxy */;
		};
		01A3B3052800418800610D77 /* PBXTargetDependency */ = {
			isa = PBXTargetDependency;
			target = 01A3B2DD2800418600610D77 /* A */;
			targetProxy = 01A3B3042800418800610D77 /* PBXContainerItemProxy */;
		};
/* End PBXTargetDependency section */

/* Begin PBXVariantGroup section */
		01A3B2EA2800418600610D77 /* Main.storyboard */ = {
			isa = PBXVariantGroup;
			children = (
				01A3B2EB2800418600610D77 /* Base */,
			);
			name = Main.storyboard;
			sourceTree = "<group>";
		};
		01A3B2EF2800418700610D77 /* LaunchScreen.storyboard */ = {
			isa = PBXVariantGroup;
			children = (
				01A3B2F02800418700610D77 /* Base */,
			);
			name = LaunchScreen.storyboard;
			sourceTree = "<group>";
		};
/* End PBXVariantGroup section */

/* Begin XCBuildConfiguration section */
		01A3B30B2800418800610D77 /* Debug */ = {
			isa = XCBuildConfiguration;
			buildSettings = {
				ALWAYS_SEARCH_USER_PATHS = NO;
				CLANG_ANALYZER_NONNULL = YES;
				CLANG_ANALYZER_NUMBER_OBJECT_CONVERSION = YES_AGGRESSIVE;
				CLANG_CXX_LANGUAGE_STANDARD = "gnu++17";
				CLANG_ENABLE_MODULES = YES;
				CLANG_ENABLE_OBJC_ARC = YES;
				CLANG_ENABLE_OBJC_WEAK = YES;
				CLANG_WARN_BLOCK_CAPTURE_AUTORELEASING = YES;
				CLANG_WARN_BOOL_CONVERSION = YES;
				CLANG_WARN_COMMA = YES;
				CLANG_WARN_CONSTANT_CONVERSION = YES;
				CLANG_WARN_DEPRECATED_OBJC_IMPLEMENTATIONS = YES;
				CLANG_WARN_DIRECT_OBJC_ISA_USAGE = YES_ERROR;
				CLANG_WARN_DOCUMENTATION_COMMENTS = YES;
				CLANG_WARN_EMPTY_BODY = YES;
				CLANG_WARN_ENUM_CONVERSION = YES;
				CLANG_WARN_INFINITE_RECURSION = YES;
				CLANG_WARN_INT_CONVERSION = YES;
				CLANG_WARN_NON_LITERAL_NULL_CONVERSION = YES;
				CLANG_WARN_OBJC_IMPLICIT_RETAIN_SELF = YES;
				CLANG_WARN_OBJC_LITERAL_CONVERSION = YES;
				CLANG_WARN_OBJC_ROOT_CLASS = YES_ERROR;
				CLANG_WARN_QUOTED_INCLUDE_IN_FRAMEWORK_HEADER = YES;
				CLANG_WARN_RANGE_LOOP_ANALYSIS = YES;
				CLANG_WARN_STRICT_PROTOTYPES = YES;
				CLANG_WARN_SUSPICIOUS_MOVE = YES;
				CLANG_WARN_UNGUARDED_AVAILABILITY = YES_AGGRESSIVE;
				CLANG_WARN_UNREACHABLE_CODE = YES;
				CLANG_WARN__DUPLICATE_METHOD_MATCH = YES;
				COPY_PHASE_STRIP = NO;
				DEBUG_INFORMATION_FORMAT = dwarf;
				ENABLE_STRICT_OBJC_MSGSEND = YES;
				ENABLE_TESTABILITY = YES;
				GCC_C_LANGUAGE_STANDARD = gnu11;
				GCC_DYNAMIC_NO_PIC = NO;
				GCC_NO_COMMON_BLOCKS = YES;
				GCC_OPTIMIZATION_LEVEL = 0;
				GCC_PREPROCESSOR_DEFINITIONS = (
					"DEBUG=1",
					"$(inherited)",
				);
				GCC_WARN_64_TO_32_BIT_CONVERSION = YES;
				GCC_WARN_ABOUT_RETURN_TYPE = YES_ERROR;
				GCC_WARN_UNDECLARED_SELECTOR = YES;
				GCC_WARN_UNINITIALIZED_AUTOS = YES_AGGRESSIVE;
				GCC_WARN_UNUSED_FUNCTION = YES;
				GCC_WARN_UNUSED_VARIABLE = YES;
				IPHONEOS_DEPLOYMENT_TARGET = 15.4;
				MTL_ENABLE_DEBUG_INFO = INCLUDE_SOURCE;
				MTL_FAST_MATH = YES;
				ONLY_ACTIVE_ARCH = YES;
				SDKROOT = iphoneos;
			};
			name = Debug;
		};
		01A3B30C2800418800610D77 /* Release */ = {
			isa = XCBuildConfiguration;
			buildSettings = {
				ALWAYS_SEARCH_USER_PATHS = NO;
				CLANG_ANALYZER_NONNULL = YES;
				CLANG_ANALYZER_NUMBER_OBJECT_CONVERSION = YES_AGGRESSIVE;
				CLANG_CXX_LANGUAGE_STANDARD = "gnu++17";
				CLANG_ENABLE_MODULES = YES;
				CLANG_ENABLE_OBJC_ARC = YES;
				CLANG_ENABLE_OBJC_WEAK = YES;
				CLANG_WARN_BLOCK_CAPTURE_AUTORELEASING = YES;
				CLANG_WARN_BOOL_CONVERSION = YES;
				CLANG_WARN_COMMA = YES;
				CLANG_WARN_CONSTANT_CONVERSION = YES;
				CLANG_WARN_DEPRECATED_OBJC_IMPLEMENTATIONS = YES;
				CLANG_WARN_DIRECT_OBJC_ISA_USAGE = YES_ERROR;
				CLANG_WARN_DOCUMENTATION_COMMENTS = YES;
				CLANG_WARN_EMPTY_BODY = YES;
				CLANG_WARN_ENUM_CONVERSION = YES;
				CLANG_WARN_INFINITE_RECURSION = YES;
				CLANG_WARN_INT_CONVERSION = YES;
				CLANG_WARN_NON_LITERAL_NULL_CONVERSION = YES;
				CLANG_WARN_OBJC_IMPLICIT_RETAIN_SELF = YES;
				CLANG_WARN_OBJC_LITERAL_CONVERSION = YES;
				CLANG_WARN_OBJC_ROOT_CLASS = YES_ERROR;
				CLANG_WARN_QUOTED_INCLUDE_IN_FRAMEWORK_HEADER = YES;
				CLANG_WARN_RANGE_LOOP_ANALYSIS = YES;
				CLANG_WARN_STRICT_PROTOTYPES = YES;
				CLANG_WARN_SUSPICIOUS_MOVE = YES;
				CLANG_WARN_UNGUARDED_AVAILABILITY = YES_AGGRESSIVE;
				CLANG_WARN_UNREACHABLE_CODE = YES;
				CLANG_WARN__DUPLICATE_METHOD_MATCH = YES;
				COPY_PHASE_STRIP = NO;
				DEBUG_INFORMATION_FORMAT = "dwarf-with-dsym";
				ENABLE_NS_ASSERTIONS = NO;
				ENABLE_STRICT_OBJC_MSGSEND = YES;
				GCC_C_LANGUAGE_STANDARD = gnu11;
				GCC_NO_COMMON_BLOCKS = YES;
				GCC_WARN_64_TO_32_BIT_CONVERSION = YES;
				GCC_WARN_ABOUT_RETURN_TYPE = YES_ERROR;
				GCC_WARN_UNDECLARED_SELECTOR = YES;
				GCC_WARN_UNINITIALIZED_AUTOS = YES_AGGRESSIVE;
				GCC_WARN_UNUSED_FUNCTION = YES;
				GCC_WARN_UNUSED_VARIABLE = YES;
				IPHONEOS_DEPLOYMENT_TARGET = 15.4;
				MTL_ENABLE_DEBUG_INFO = NO;
				MTL_FAST_MATH = YES;
				SDKROOT = iphoneos;
				VALIDATE_PRODUCT = YES;
			};
			name = Release;
		};
		01A3B30E2800418800610D77 /* Debug */ = {
			isa = XCBuildConfiguration;
			buildSettings = {
				ASSETCATALOG_COMPILER_APPICON_NAME = AppIcon;
				ASSETCATALOG_COMPILER_GLOBAL_ACCENT_COLOR_NAME = AccentColor;
				CODE_SIGN_STYLE = Automatic;
				CURRENT_PROJECT_VERSION = 1;
				DEVELOPMENT_TEAM = 3FSX59FLZT;
				GENERATE_INFOPLIST_FILE = YES;
				INFOPLIST_FILE = A/Info.plist;
				INFOPLIST_KEY_UIApplicationSupportsIndirectInputEvents = YES;
				INFOPLIST_KEY_UILaunchStoryboardName = LaunchScreen;
				INFOPLIST_KEY_UIMainStoryboardFile = Main;
				INFOPLIST_KEY_UISupportedInterfaceOrientations_iPad = "UIInterfaceOrientationPortrait UIInterfaceOrientationPortraitUpsideDown UIInterfaceOrientationLandscapeLeft UIInterfaceOrientationLandscapeRight";
				INFOPLIST_KEY_UISupportedInterfaceOrientations_iPhone = "UIInterfaceOrientationPortrait UIInterfaceOrientationLandscapeLeft UIInterfaceOrientationLandscapeRight";
				LD_RUNPATH_SEARCH_PATHS = (
					"$(inherited)",
					"@executable_path/Frameworks",
				);
				MARKETING_VERSION = 1.0;
				PRODUCT_BUNDLE_IDENTIFIER = com.suzhougoldmantis.A.A;
				PRODUCT_NAME = "$(TARGET_NAME)";
				SWIFT_EMIT_LOC_STRINGS = YES;
				TARGETED_DEVICE_FAMILY = "1,2";
			};
			name = Debug;
		};
		01A3B30F2800418800610D77 /* Release */ = {
			isa = XCBuildConfiguration;
			buildSettings = {
				ASSETCATALOG_COMPILER_APPICON_NAME = AppIcon;
				ASSETCATALOG_COMPILER_GLOBAL_ACCENT_COLOR_NAME = AccentColor;
				CODE_SIGN_STYLE = Automatic;
				CURRENT_PROJECT_VERSION = 1;
				DEVELOPMENT_TEAM = 3FSX59FLZT;
				GENERATE_INFOPLIST_FILE = YES;
				INFOPLIST_FILE = A/Info.plist;
				INFOPLIST_KEY_UIApplicationSupportsIndirectInputEvents = YES;
				INFOPLIST_KEY_UILaunchStoryboardName = LaunchScreen;
				INFOPLIST_KEY_UIMainStoryboardFile = Main;
				INFOPLIST_KEY_UISupportedInterfaceOrientations_iPad = "UIInterfaceOrientationPortrait UIInterfaceOrientationPortraitUpsideDown UIInterfaceOrientationLandscapeLeft UIInterfaceOrientationLandscapeRight";
				INFOPLIST_KEY_UISupportedInterfaceOrientations_iPhone = "UIInterfaceOrientationPortrait UIInterfaceOrientationLandscapeLeft UIInterfaceOrientationLandscapeRight";
				LD_RUNPATH_SEARCH_PATHS = (
					"$(inherited)",
					"@executable_path/Frameworks",
				);
				MARKETING_VERSION = 1.0;
				PRODUCT_BUNDLE_IDENTIFIER = com.suzhougoldmantis.A.A;
				PRODUCT_NAME = "$(TARGET_NAME)";
				SWIFT_EMIT_LOC_STRINGS = YES;
				TARGETED_DEVICE_FAMILY = "1,2";
			};
			name = Release;
		};
		01A3B3112800418800610D77 /* Debug */ = {
			isa = XCBuildConfiguration;
			buildSettings = {
				BUNDLE_LOADER = "$(TEST_HOST)";
				CODE_SIGN_STYLE = Automatic;
				CURRENT_PROJECT_VERSION = 1;
				DEVELOPMENT_TEAM = 3FSX59FLZT;
				GENERATE_INFOPLIST_FILE = YES;
				IPHONEOS_DEPLOYMENT_TARGET = 15.4;
				MARKETING_VERSION = 1.0;
				PRODUCT_BUNDLE_IDENTIFIER = com.suzhougoldmantis.A.ATests;
				PRODUCT_NAME = "$(TARGET_NAME)";
				SWIFT_EMIT_LOC_STRINGS = NO;
				TARGETED_DEVICE_FAMILY = "1,2";
				TEST_HOST = "$(BUILT_PRODUCTS_DIR)/A.app/A";
			};
			name = Debug;
		};
		01A3B3122800418800610D77 /* Release */ = {
			isa = XCBuildConfiguration;
			buildSettings = {
				BUNDLE_LOADER = "$(TEST_HOST)";
				CODE_SIGN_STYLE = Automatic;
				CURRENT_PROJECT_VERSION = 1;
				DEVELOPMENT_TEAM = 3FSX59FLZT;
				GENERATE_INFOPLIST_FILE = YES;
				IPHONEOS_DEPLOYMENT_TARGET = 15.4;
				MARKETING_VERSION = 1.0;
				PRODUCT_BUNDLE_IDENTIFIER = com.suzhougoldmantis.A.ATests;
				PRODUCT_NAME = "$(TARGET_NAME)";
				SWIFT_EMIT_LOC_STRINGS = NO;
				TARGETED_DEVICE_FAMILY = "1,2";
				TEST_HOST = "$(BUILT_PRODUCTS_DIR)/A.app/A";
			};
			name = Release;
		};
		01A3B3142800418800610D77 /* Debug */ = {
			isa = XCBuildConfiguration;
			buildSettings = {
				CODE_SIGN_STYLE = Automatic;
				CURRENT_PROJECT_VERSION = 1;
				DEVELOPMENT_TEAM = 3FSX59FLZT;
				GENERATE_INFOPLIST_FILE = YES;
				MARKETING_VERSION = 1.0;
				PRODUCT_BUNDLE_IDENTIFIER = com.suzhougoldmantis.A.AUITests;
				PRODUCT_NAME = "$(TARGET_NAME)";
				SWIFT_EMIT_LOC_STRINGS = NO;
				TARGETED_DEVICE_FAMILY = "1,2";
				TEST_TARGET_NAME = A;
			};
			name = Debug;
		};
		01A3B3152800418800610D77 /* Release */ = {
			isa = XCBuildConfiguration;
			buildSettings = {
				CODE_SIGN_STYLE = Automatic;
				CURRENT_PROJECT_VERSION = 1;
				DEVELOPMENT_TEAM = 3FSX59FLZT;
				GENERATE_INFOPLIST_FILE = YES;
				MARKETING_VERSION = 1.0;
				PRODUCT_BUNDLE_IDENTIFIER = com.suzhougoldmantis.A.AUITests;
				PRODUCT_NAME = "$(TARGET_NAME)";
				SWIFT_EMIT_LOC_STRINGS = NO;
				TARGETED_DEVICE_FAMILY = "1,2";
				TEST_TARGET_NAME = A;
			};
			name = Release;
		};
/* End XCBuildConfiguration section */

/* Begin XCConfigurationList section */
		01A3B2D92800418600610D77 /* Build configuration list for PBXProject "A" */ = {
			isa = XCConfigurationList;
			buildConfigurations = (
				01A3B30B2800418800610D77 /* Debug */,
				01A3B30C2800418800610D77 /* Release */,
			);
			defaultConfigurationIsVisible = 0;
			defaultConfigurationName = Release;
		};
		01A3B30D2800418800610D77 /* Build configuration list for PBXNativeTarget "A" */ = {
			isa = XCConfigurationList;
			buildConfigurations = (
				01A3B30E2800418800610D77 /* Debug */,
				01A3B30F2800418800610D77 /* Release */,
			);
			defaultConfigurationIsVisible = 0;
			defaultConfigurationName = Release;
		};
		01A3B3102800418800610D77 /* Build configuration list for PBXNativeTarget "ATests" */ = {
			isa = XCConfigurationList;
			buildConfigurations = (
				01A3B3112800418800610D77 /* Debug */,
				01A3B3122800418800610D77 /* Release */,
			);
			defaultConfigurationIsVisible = 0;
			defaultConfigurationName = Release;
		};
		01A3B3132800418800610D77 /* Build configuration list for PBXNativeTarget "AUITests" */ = {
			isa = XCConfigurationList;
			buildConfigurations = (
				01A3B3142800418800610D77 /* Debug */,
				01A3B3152800418800610D77 /* Release */,
			);
			defaultConfigurationIsVisible = 0;
			defaultConfigurationName = Release;
		};
/* End XCConfigurationList section */
	};
	rootObject = 01A3B2D62800418600610D77 /* Project object */;
}
